
Microsoft Visual Studio Solution File, Format Version 12.00
# Visual Studio 2012
Project("{FAE04EC0-301F-11D3-BF4B-00C04F79EFBC}") = "BreakCube", "BreakCube\BreakCube.csproj", "{2DB593F5-5B3D-49F0-8127-DECC54D8D9A7}"
EndProject
Global
	GlobalSection(SolutionConfigurationPlatforms) = preSolution
		Debug|Any CPU = Debug|Any CPU
		Release|Any CPU = Release|Any CPU
	EndGlobalSection
	GlobalSection(ProjectConfigurationPlatforms) = postSolution
		{2DB593F5-5B3D-49F0-8127-DECC54D8D9A7}.Debug|Any CPU.ActiveCfg = Debug|Any CPU
		{2DB593F5-5B3D-49F0-8127-DECC54D8D9A7}.Debug|Any CPU.Build.0 = Debug|Any CPU
		{2DB593F5-5B3D-49F0-8127-DECC54D8D9A7}.Release|Any CPU.ActiveCfg = Release|Any CPU
		{2DB593F5-5B3D-49F0-8127-DECC54D8D9A7}.Release|Any CPU.Build.0 = Release|Any CPU
	EndGlobalSection
	GlobalSection(SolutionProperties) = preSolution
		HideSolutionNode = FALSE
	EndGlobalSection
EndGlobal
